
Microsoft Visual Studio Solution File, Format Version 12.00
# Visual Studio Version 17
VisualStudioVersion = 17.5.33530.505
MinimumVisualStudioVersion = 10.0.40219.1
Project("{FAE04EC0-301F-11D3-BF4B-00C04F79EFBC}") = "AirHockey", "AirHockey\AirHockey.csproj", "{7A188D20-0502-48CD-8254-A4A8F8FC4DCD}"
EndProject
Global
	GlobalSection(SolutionConfigurationPlatforms) = preSolution
		Debug|Any CPU = Debug|Any CPU
		Release|Any CPU = Release|Any CPU
	EndGlobalSection
	GlobalSection(ProjectConfigurationPlatforms) = postSolution
		{7A188D20-0502-48CD-8254-A4A8F8FC4DCD}.Debug|Any CPU.ActiveCfg = Debug|Any CPU
		{7A188D20-0502-48CD-8254-A4A8F8FC4DCD}.Debug|Any CPU.Build.0 = Debug|Any CPU
		{7A188D20-0502-48CD-8254-A4A8F8FC4DCD}.Release|Any CPU.ActiveCfg = Release|Any CPU
		{7A188D20-0502-48CD-8254-A4A8F8FC4DCD}.Release|Any CPU.Build.0 = Release|Any CPU
	EndGlobalSection
	GlobalSection(SolutionProperties) = preSolution
		HideSolutionNode = FALSE
	EndGlobalSection
	GlobalSection(ExtensibilityGlobals) = postSolution
		SolutionGuid = {A0E62D33-471C-4D3F-B200-421399C51994}
	EndGlobalSection
EndGlobal
